
Microsoft Visual Studio Solution File, Format Version 12.00
# Visual Studio 15
VisualStudioVersion = 15.0.28306.52
MinimumVisualStudioVersion = 10.0.40219.1
Project("{FAE04EC0-301F-11D3-BF4B-00C04F79EFBC}") = "Army", "Army\Army.csproj", "{8A33D1D7-12A3-4046-A7DE-493287649898}"
EndProject
Global
	GlobalSection(SolutionConfigurationPlatforms) = preSolution
		Debug|Any CPU = Debug|Any CPU
		Release|Any CPU = Release|Any CPU
	EndGlobalSection
	GlobalSection(ProjectConfigurationPlatforms) = postSolution
		{8A33D1D7-12A3-4046-A7DE-493287649898}.Debug|Any CPU.ActiveCfg = Debug|Any CPU
		{8A33D1D7-12A3-4046-A7DE-493287649898}.Debug|Any CPU.Build.0 = Debug|Any CPU
		{8A33D1D7-12A3-4046-A7DE-493287649898}.Release|Any CPU.ActiveCfg = Release|Any CPU
		{8A33D1D7-12A3-4046-A7DE-493287649898}.Release|Any CPU.Build.0 = Release|Any CPU
	EndGlobalSection
	GlobalSection(SolutionProperties) = preSolution
		HideSolutionNode = FALSE
	EndGlobalSection
	GlobalSection(ExtensibilityGlobals) = postSolution
		SolutionGuid = {AC52B479-CB14-4FD6-AD63-809E6F019582}
	EndGlobalSection
EndGlobal
